<?xml version="1.0" encoding="utf-8"?>
<Project ToolsVersion="4.0" xmlns="http://schemas.microsoft.com/developer/msbuild/2003">
  <ItemGroup>
    <Filter Include="Resource Files">
      <UniqueIdentifier>{67DA6AB6-F800-4c08-8B7A-83BB121AAD01}</UniqueIdentifier>
      <Extensions>rc;ico;cur;bmp;dlg;rc2;rct;bin;rgs;gif;jpg;jpeg;jpe;resx;tiff;tif;png;wav;mfcribbon-ms</Extensions>
    </Filter>
    <Filter Include="src">
      <UniqueIdentifier>{2a510951-c70b-47db-a036-fbaaa347f506}</UniqueIdentifier>
    </Filter>
    <Filter Include="src\Header Files">
      <UniqueIdentifier>{93995380-89BD-4b04-88EB-625FBE52EBFB}</UniqueIdentifier>
      <Extensions>h;hh;hpp;hxx;hm;inl;inc;ipp;xsd</Extensions>
    </Filter>
    <Filter Include="src\Source Files">
      <UniqueIdentifier>{4FC737F1-C7A5-4376-A066-2A32D752A2FF}</UniqueIdentifier>
      <Extensions>cpp;c;cc;cxx;def;odl;idl;hpj;bat;asm;asmx</Extensions>
    </Filter>
    <Filter Include="src\Algorithms">
      <UniqueIdentifier>{e94fea99-7ad3-46c1-bac3-f639b12cf904}</UniqueIdentifier>
    </Filter>
  </ItemGroup>
  <ItemGroup>
    <ClCompile Include="src\ProcessInputFile.cpp">
      <Filter>src\Source Files</Filter>
    </ClCompile>
    <ClCompile Include="src\Algorithms\SortAlgorithm.cpp">
      <Filter>src\Algorithms</Filter>
    </ClCompile>
    <ClCompile Include="src\AssessmentMain.cpp">
      <Filter>src\Source Files</Filter>
    </ClCompile>
    <ClCompile Include="src\Compatibility.cpp">
      <Filter>src</Filter>
    </ClCompile>
    <ClCompile Include="src\WorkItem.cpp">
      <Filter>src\Source Files</Filter>
    </ClCompile>
  </ItemGroup>
  <ItemGroup>
    <ClInclude Include="src\ProcessInputFile.h">
      <Filter>src\Header Files</Filter>
    </ClInclude>
    <ClInclude Include="src\ItemConsumer.h">
      <Filter>src\Header Files</Filter>
    </ClInclude>
    <ClInclude Include="src\Algorithms\SortAlgorithm.h">
      <Filter>src\Algorithms</Filter>
    </ClInclude>
    <ClInclude Include="src\Algorithms\HeapSort.h">
      <Filter>src\Algorithms</Filter>
    </ClInclude>
    <ClInclude Include="src\Compatibility.h">
      <Filter>src</Filter>
    </ClInclude>
    <ClInclude Include="src\Algorithms\ShellSort.h">
      <Filter>src\Algorithms</Filter>
    </ClInclude>
    <ClInclude Include="src\WorkItem.h">
      <Filter>src\Header Files</Filter>
    </ClInclude>
    <ClInclude Include="src\ConcurrentQueue.h">
      <Filter>src\Header Files</Filter>
    </ClInclude>
  </ItemGroup>
  <ItemGroup>
    <Text Include="CMakeLists.txt" />
    <Text Include="In.txt" />
    <Text Include="README.txt" />
  </ItemGroup>
</Project>